
Microsoft Visual Studio Solution File, Format Version 12.00
# Visual Studio Version 16
VisualStudioVersion = 16.0.30011.22
MinimumVisualStudioVersion = 10.0.40219.1
Project("{FAE04EC0-301F-11D3-BF4B-00C04F79EFBC}") = "Artillerie Canton 85", "Artillerie Canton 85\Artillerie Canton 85.csproj", "{2BBF83D6-4298-44EA-A1EE-C24083F245E9}"
EndProject
Global
	GlobalSection(SolutionConfigurationPlatforms) = preSolution
		Debug|Any CPU = Debug|Any CPU
		Release|Any CPU = Release|Any CPU
	EndGlobalSection
	GlobalSection(ProjectConfigurationPlatforms) = postSolution
		{2BBF83D6-4298-44EA-A1EE-C24083F245E9}.Debug|Any CPU.ActiveCfg = Debug|Any CPU
		{2BBF83D6-4298-44EA-A1EE-C24083F245E9}.Debug|Any CPU.Build.0 = Debug|Any CPU
		{2BBF83D6-4298-44EA-A1EE-C24083F245E9}.Release|Any CPU.ActiveCfg = Release|Any CPU
		{2BBF83D6-4298-44EA-A1EE-C24083F245E9}.Release|Any CPU.Build.0 = Release|Any CPU
	EndGlobalSection
	GlobalSection(SolutionProperties) = preSolution
		HideSolutionNode = FALSE
	EndGlobalSection
	GlobalSection(ExtensibilityGlobals) = postSolution
		SolutionGuid = {0E472C2B-7991-4B5A-AA89-11F14AF9ABEE}
	EndGlobalSection
EndGlobal
